
Microsoft Visual Studio Solution File, Format Version 12.00
# Visual Studio 15
VisualStudioVersion = 15.0.26124.0
MinimumVisualStudioVersion = 15.0.26124.0
Project("{2150E333-8FDC-42A3-9474-1A3956D46DE8}") = "src", "src", "{4A03AAC9-11A7-47EB-B180-E35D8954B708}"
EndProject
Project("{FAE04EC0-301F-11D3-BF4B-00C04F79EFBC}") = "NEST.Extensions", "src\NEST.Extensions\NEST.Extensions.csproj", "{5D33505B-C4DF-4EEE-859D-9A7DF8505EBB}"
EndProject
Project("{2150E333-8FDC-42A3-9474-1A3956D46DE8}") = "tests", "tests", "{17CEB086-9B6B-46D7-8257-D2244B4857D1}"
EndProject
Project("{FAE04EC0-301F-11D3-BF4B-00C04F79EFBC}") = "NEST.Extensions.Tests", "tests\NEST.Extensions.Tests\NEST.Extensions.Tests.csproj", "{2B978A28-6126-4A05-A6B9-25F9A91D5967}"
EndProject
Global
	GlobalSection(SolutionConfigurationPlatforms) = preSolution
		Debug|Any CPU = Debug|Any CPU
		Debug|x64 = Debug|x64
		Debug|x86 = Debug|x86
		Release|Any CPU = Release|Any CPU
		Release|x64 = Release|x64
		Release|x86 = Release|x86
	EndGlobalSection
	GlobalSection(SolutionProperties) = preSolution
		HideSolutionNode = FALSE
	EndGlobalSection
	GlobalSection(ProjectConfigurationPlatforms) = postSolution
		{5D33505B-C4DF-4EEE-859D-9A7DF8505EBB}.Debug|Any CPU.ActiveCfg = Debug|Any CPU
		{5D33505B-C4DF-4EEE-859D-9A7DF8505EBB}.Debug|Any CPU.Build.0 = Debug|Any CPU
		{5D33505B-C4DF-4EEE-859D-9A7DF8505EBB}.Debug|x64.ActiveCfg = Debug|Any CPU
		{5D33505B-C4DF-4EEE-859D-9A7DF8505EBB}.Debug|x64.Build.0 = Debug|Any CPU
		{5D33505B-C4DF-4EEE-859D-9A7DF8505EBB}.Debug|x86.ActiveCfg = Debug|Any CPU
		{5D33505B-C4DF-4EEE-859D-9A7DF8505EBB}.Debug|x86.Build.0 = Debug|Any CPU
		{5D33505B-C4DF-4EEE-859D-9A7DF8505EBB}.Release|Any CPU.ActiveCfg = Release|Any CPU
		{5D33505B-C4DF-4EEE-859D-9A7DF8505EBB}.Release|Any CPU.Build.0 = Release|Any CPU
		{5D33505B-C4DF-4EEE-859D-9A7DF8505EBB}.Release|x64.ActiveCfg = Release|Any CPU
		{5D33505B-C4DF-4EEE-859D-9A7DF8505EBB}.Release|x64.Build.0 = Release|Any CPU
		{5D33505B-C4DF-4EEE-859D-9A7DF8505EBB}.Release|x86.ActiveCfg = Release|Any CPU
		{5D33505B-C4DF-4EEE-859D-9A7DF8505EBB}.Release|x86.Build.0 = Release|Any CPU
		{2B978A28-6126-4A05-A6B9-25F9A91D5967}.Debug|Any CPU.ActiveCfg = Debug|Any CPU
		{2B978A28-6126-4A05-A6B9-25F9A91D5967}.Debug|Any CPU.Build.0 = Debug|Any CPU
		{2B978A28-6126-4A05-A6B9-25F9A91D5967}.Debug|x64.ActiveCfg = Debug|Any CPU
		{2B978A28-6126-4A05-A6B9-25F9A91D5967}.Debug|x64.Build.0 = Debug|Any CPU
		{2B978A28-6126-4A05-A6B9-25F9A91D5967}.Debug|x86.ActiveCfg = Debug|Any CPU
		{2B978A28-6126-4A05-A6B9-25F9A91D5967}.Debug|x86.Build.0 = Debug|Any CPU
		{2B978A28-6126-4A05-A6B9-25F9A91D5967}.Release|Any CPU.ActiveCfg = Release|Any CPU
		{2B978A28-6126-4A05-A6B9-25F9A91D5967}.Release|Any CPU.Build.0 = Release|Any CPU
		{2B978A28-6126-4A05-A6B9-25F9A91D5967}.Release|x64.ActiveCfg = Release|Any CPU
		{2B978A28-6126-4A05-A6B9-25F9A91D5967}.Release|x64.Build.0 = Release|Any CPU
		{2B978A28-6126-4A05-A6B9-25F9A91D5967}.Release|x86.ActiveCfg = Release|Any CPU
		{2B978A28-6126-4A05-A6B9-25F9A91D5967}.Release|x86.Build.0 = Release|Any CPU
	EndGlobalSection
	GlobalSection(NestedProjects) = preSolution
		{5D33505B-C4DF-4EEE-859D-9A7DF8505EBB} = {4A03AAC9-11A7-47EB-B180-E35D8954B708}
		{2B978A28-6126-4A05-A6B9-25F9A91D5967} = {17CEB086-9B6B-46D7-8257-D2244B4857D1}
	EndGlobalSection
EndGlobal
